
Microsoft Visual Studio Solution File, Format Version 12.00
# Visual Studio Version 17
VisualStudioVersion = 17.2.32526.322
MinimumVisualStudioVersion = 10.0.40219.1
Project("{FAE04EC0-301F-11D3-BF4B-00C04F79EFBC}") = "TravelPK", "TravelPK.csproj", "{05FEC810-640B-431E-A6C6-16247228607C}"
EndProject
Global
	GlobalSection(SolutionConfigurationPlatforms) = preSolution
		Debug|Any CPU = Debug|Any CPU
		Release|Any CPU = Release|Any CPU
	EndGlobalSection
	GlobalSection(ProjectConfigurationPlatforms) = postSolution
		{05FEC810-640B-431E-A6C6-16247228607C}.Debug|Any CPU.ActiveCfg = Debug|Any CPU
		{05FEC810-640B-431E-A6C6-16247228607C}.Debug|Any CPU.Build.0 = Debug|Any CPU
		{05FEC810-640B-431E-A6C6-16247228607C}.Release|Any CPU.ActiveCfg = Release|Any CPU
		{05FEC810-640B-431E-A6C6-16247228607C}.Release|Any CPU.Build.0 = Release|Any CPU
	EndGlobalSection
	GlobalSection(SolutionProperties) = preSolution
		HideSolutionNode = FALSE
	EndGlobalSection
	GlobalSection(ExtensibilityGlobals) = postSolution
		SolutionGuid = {82CFD005-041C-4A36-BB6A-31937488D60D}
	EndGlobalSection
EndGlobal
